
Microsoft Visual Studio Solution File, Format Version 12.00
# Visual Studio Version 17
VisualStudioVersion = 17.9.34723.18
MinimumVisualStudioVersion = 10.0.40219.1
Project("{8BC9CEB8-8B4A-11D0-8D11-00A0C91BC942}") = "BaseBall", "BaseBall\BaseBall.vcxproj", "{D3C51943-13F9-4177-97A4-B630F1B9BCE1}"
EndProject
Project("{8BC9CEB8-8B4A-11D0-8D11-00A0C91BC942}") = "BaseBallTest", "BaseBallTest\BaseBallTest.vcxproj", "{A4529126-FC1A-4E6A-8D5F-ADA3AB09CB2D}"
EndProject
Project("{2150E333-8FDC-42A3-9474-1A3956D46DE8}") = "솔루션 항목", "솔루션 항목", "{51356DED-9883-4529-ACEB-C338E387E590}"
	ProjectSection(SolutionItems) = preProject
		.editorconfig = .editorconfig
		.gitignore = .gitignore
		README.md = README.md
	EndProjectSection
EndProject
Global
	GlobalSection(SolutionConfigurationPlatforms) = preSolution
		Debug|x64 = Debug|x64
		Debug|x86 = Debug|x86
		Release|x64 = Release|x64
		Release|x86 = Release|x86
	EndGlobalSection
	GlobalSection(ProjectConfigurationPlatforms) = postSolution
		{D3C51943-13F9-4177-97A4-B630F1B9BCE1}.Debug|x64.ActiveCfg = Debug|x64
		{D3C51943-13F9-4177-97A4-B630F1B9BCE1}.Debug|x64.Build.0 = Debug|x64
		{D3C51943-13F9-4177-97A4-B630F1B9BCE1}.Debug|x86.ActiveCfg = Debug|Win32
		{D3C51943-13F9-4177-97A4-B630F1B9BCE1}.Debug|x86.Build.0 = Debug|Win32
		{D3C51943-13F9-4177-97A4-B630F1B9BCE1}.Release|x64.ActiveCfg = Release|x64
		{D3C51943-13F9-4177-97A4-B630F1B9BCE1}.Release|x64.Build.0 = Release|x64
		{D3C51943-13F9-4177-97A4-B630F1B9BCE1}.Release|x86.ActiveCfg = Release|Win32
		{D3C51943-13F9-4177-97A4-B630F1B9BCE1}.Release|x86.Build.0 = Release|Win32
		{A4529126-FC1A-4E6A-8D5F-ADA3AB09CB2D}.Debug|x64.ActiveCfg = Debug|x64
		{A4529126-FC1A-4E6A-8D5F-ADA3AB09CB2D}.Debug|x64.Build.0 = Debug|x64
		{A4529126-FC1A-4E6A-8D5F-ADA3AB09CB2D}.Debug|x86.ActiveCfg = Debug|Win32
		{A4529126-FC1A-4E6A-8D5F-ADA3AB09CB2D}.Debug|x86.Build.0 = Debug|Win32
		{A4529126-FC1A-4E6A-8D5F-ADA3AB09CB2D}.Release|x64.ActiveCfg = Release|x64
		{A4529126-FC1A-4E6A-8D5F-ADA3AB09CB2D}.Release|x64.Build.0 = Release|x64
		{A4529126-FC1A-4E6A-8D5F-ADA3AB09CB2D}.Release|x86.ActiveCfg = Release|Win32
		{A4529126-FC1A-4E6A-8D5F-ADA3AB09CB2D}.Release|x86.Build.0 = Release|Win32
	EndGlobalSection
	GlobalSection(SolutionProperties) = preSolution
		HideSolutionNode = FALSE
	EndGlobalSection
	GlobalSection(ExtensibilityGlobals) = postSolution
		SolutionGuid = {9AA93ABF-E8CE-4D73-94DF-977949324F5F}
	EndGlobalSection
EndGlobal
